{
  "name": "omc-ac",
  "version": "0.0.0",
  "lockfileVersion": 3,
  "requires": true,
  "packages": {
    "": {
      "name": "omc-ac",
      "version": "0.0.0",
      "license": "Apache-2.0",
      "dependencies": {
        "@ken-jo/agent-connector": "file:../agent-connector"
      },
      "bin": {
        "omc-ac": "bin.mjs"
      }
    },
    "../agent-connector": {
      "name": "@ken-jo/agent-connector",
      "version": "0.1.0",
      "license": "Apache-2.0",
      "workspaces": [
        "examples/*"
      ],
      "dependencies": {
        "@iarna/toml": "^2.2.5",
        "fzstd": "^0.1.1",
        "gpt-tokenizer": "^2.9.0",
        "sql.js": "^1.14.1",
        "yaml": "^2.9.0"
      },
      "bin": {
        "agent-connector": "dist/cli.js"
      },
      "devDependencies": {
        "@types/node": "^22.10.0",
        "tsup": "^8.3.5",
        "tsx": "^4.19.2",
        "typescript": "^5.7.2",
        "vitest": "^2.1.8"
      },
      "engines": {
        "node": ">=18.17"
      }
    },
    "node_modules/@ken-jo/agent-connector": {
      "resolved": "../agent-connector",
      "link": true
    }
  }
}
